
Microsoft Visual Studio Solution File, Format Version 12.00
# Visual Studio Version 16
VisualStudioVersion = 16.0.34114.132
MinimumVisualStudioVersion = 10.0.40219.1
Project("{FAE04EC0-301F-11D3-BF4B-00C04F79EFBC}") = "WebOnline", "WebOnline\WebOnline.csproj", "{7BEE6CCA-7F53-4E81-AB4D-08210548995F}"
EndProject
Global
	GlobalSection(SolutionConfigurationPlatforms) = preSolution
		Debug|Any CPU = Debug|Any CPU
		Release|Any CPU = Release|Any CPU
	EndGlobalSection
	GlobalSection(ProjectConfigurationPlatforms) = postSolution
		{7BEE6CCA-7F53-4E81-AB4D-08210548995F}.Debug|Any CPU.ActiveCfg = Debug|Any CPU
		{7BEE6CCA-7F53-4E81-AB4D-08210548995F}.Debug|Any CPU.Build.0 = Debug|Any CPU
		{7BEE6CCA-7F53-4E81-AB4D-08210548995F}.Release|Any CPU.ActiveCfg = Release|Any CPU
		{7BEE6CCA-7F53-4E81-AB4D-08210548995F}.Release|Any CPU.Build.0 = Release|Any CPU
	EndGlobalSection
	GlobalSection(SolutionProperties) = preSolution
		HideSolutionNode = FALSE
	EndGlobalSection
	GlobalSection(ExtensibilityGlobals) = postSolution
		SolutionGuid = {2077ED34-4BCA-4E1E-9379-9E4A4FBD40B1}
	EndGlobalSection
EndGlobal
